
Microsoft Visual Studio Solution File, Format Version 12.00
# Visual Studio Version 17
VisualStudioVersion = 17.7.34221.43
MinimumVisualStudioVersion = 10.0.40219.1
Project("{FAE04EC0-301F-11D3-BF4B-00C04F79EFBC}") = "BubbleDinner.API", "BubbleDinner.API\BubbleDinner.API.csproj", "{49D165CC-B032-4108-9D47-34C83A984580}"
EndProject
Project("{FAE04EC0-301F-11D3-BF4B-00C04F79EFBC}") = "BubbleDinner.Contracts", "BubbleDinner.Contracts\BubbleDinner.Contracts.csproj", "{15467F32-DD52-49AA-AFFE-D5390186078E}"
EndProject
Project("{FAE04EC0-301F-11D3-BF4B-00C04F79EFBC}") = "BubbleDinner.Infrastructure", "BubbleDinner.Infrastructure\BubbleDinner.Infrastructure.csproj", "{4BFDD001-3E2C-4924-A9F6-6E88120CD58B}"
EndProject
Project("{FAE04EC0-301F-11D3-BF4B-00C04F79EFBC}") = "BubbleDiner.Application", "BubbleDiner.Application\BubbleDiner.Application.csproj", "{A8E927AD-5A8D-4AD8-9235-2352B07929CD}"
EndProject
Project("{FAE04EC0-301F-11D3-BF4B-00C04F79EFBC}") = "BubbleDinner.Domain", "BubbleDinner.Domain\BubbleDinner.Domain.csproj", "{97134E28-6702-471B-ABA5-128AAAF40490}"
EndProject
Global
	GlobalSection(SolutionConfigurationPlatforms) = preSolution
		Debug|Any CPU = Debug|Any CPU
		Release|Any CPU = Release|Any CPU
	EndGlobalSection
	GlobalSection(ProjectConfigurationPlatforms) = postSolution
		{49D165CC-B032-4108-9D47-34C83A984580}.Debug|Any CPU.ActiveCfg = Debug|Any CPU
		{49D165CC-B032-4108-9D47-34C83A984580}.Debug|Any CPU.Build.0 = Debug|Any CPU
		{49D165CC-B032-4108-9D47-34C83A984580}.Release|Any CPU.ActiveCfg = Release|Any CPU
		{49D165CC-B032-4108-9D47-34C83A984580}.Release|Any CPU.Build.0 = Release|Any CPU
		{15467F32-DD52-49AA-AFFE-D5390186078E}.Debug|Any CPU.ActiveCfg = Debug|Any CPU
		{15467F32-DD52-49AA-AFFE-D5390186078E}.Debug|Any CPU.Build.0 = Debug|Any CPU
		{15467F32-DD52-49AA-AFFE-D5390186078E}.Release|Any CPU.ActiveCfg = Release|Any CPU
		{15467F32-DD52-49AA-AFFE-D5390186078E}.Release|Any CPU.Build.0 = Release|Any CPU
		{4BFDD001-3E2C-4924-A9F6-6E88120CD58B}.Debug|Any CPU.ActiveCfg = Debug|Any CPU
		{4BFDD001-3E2C-4924-A9F6-6E88120CD58B}.Debug|Any CPU.Build.0 = Debug|Any CPU
		{4BFDD001-3E2C-4924-A9F6-6E88120CD58B}.Release|Any CPU.ActiveCfg = Release|Any CPU
		{4BFDD001-3E2C-4924-A9F6-6E88120CD58B}.Release|Any CPU.Build.0 = Release|Any CPU
		{A8E927AD-5A8D-4AD8-9235-2352B07929CD}.Debug|Any CPU.ActiveCfg = Debug|Any CPU
		{A8E927AD-5A8D-4AD8-9235-2352B07929CD}.Debug|Any CPU.Build.0 = Debug|Any CPU
		{A8E927AD-5A8D-4AD8-9235-2352B07929CD}.Release|Any CPU.ActiveCfg = Release|Any CPU
		{A8E927AD-5A8D-4AD8-9235-2352B07929CD}.Release|Any CPU.Build.0 = Release|Any CPU
		{97134E28-6702-471B-ABA5-128AAAF40490}.Debug|Any CPU.ActiveCfg = Debug|Any CPU
		{97134E28-6702-471B-ABA5-128AAAF40490}.Debug|Any CPU.Build.0 = Debug|Any CPU
		{97134E28-6702-471B-ABA5-128AAAF40490}.Release|Any CPU.ActiveCfg = Release|Any CPU
		{97134E28-6702-471B-ABA5-128AAAF40490}.Release|Any CPU.Build.0 = Release|Any CPU
	EndGlobalSection
	GlobalSection(SolutionProperties) = preSolution
		HideSolutionNode = FALSE
	EndGlobalSection
	GlobalSection(ExtensibilityGlobals) = postSolution
		SolutionGuid = {06598AAD-0206-4155-9418-A266B6477217}
	EndGlobalSection
EndGlobal
